<Solution>
  <Project Path="DataAccessLayer/DataAccessLayer.csproj" Id="1d0361d2-342b-4ccc-b833-961fe88f3a5f" />
  <Project Path="EntityLayer/EntityLayer.csproj" Id="51061068-be2f-4083-9ac5-630bae283e02" />
  <Project Path="LogicLayer/LogicLayer.csproj" Id="fb16a6eb-2e4c-4629-ba16-2f06bc50ced8" />
  <Project Path="StokSatisTakipSistemi/StokSatisTakipSistemi.csproj" Id="51bab0a6-bf81-46f9-8308-5870abea3fa7" />
</Solution>
